// !$*UTF8*$!
{
	archiveVersion = 1;
	classes = {
	};
	objectVersion = 55;
	objects = {

/* Begin PBXBuildFile section */
		F4A2E2542858244300A32CD8 /* Athlete_Habit_Tracker_App_iOS15App.swift in Sources */ = {isa = PBXBuildFile; fileRef = F4A2E2532858244300A32CD8 /* Athlete_Habit_Tracker_App_iOS15App.swift */; };
		F4A2E2562858244300A32CD8 /* ContentView.swift in Sources */ = {isa = PBXBuildFile; fileRef = F4A2E2552858244300A32CD8 /* ContentView.swift */; };
		F4A2E2582858244600A32CD8 /* Assets.xcassets in Resources */ = {isa = PBXBuildFile; fileRef = F4A2E2572858244600A32CD8 /* Assets.xcassets */; };
		F4A2E25B2858244600A32CD8 /* Preview Assets.xcassets in Resources */ = {isa = PBXBuildFile; fileRef = F4A2E25A2858244600A32CD8 /* Preview Assets.xcassets */; };
		F4A2E262285825B700A32CD8 /* DailyView.swift in Sources */ = {isa = PBXBuildFile; fileRef = F4A2E261285825B700A32CD8 /* DailyView.swift */; };
		F4A2E2652858260A00A32CD8 /* User.swift in Sources */ = {isa = PBXBuildFile; fileRef = F4A2E2642858260A00A32CD8 /* User.swift */; };
		F4A2E2672858264200A32CD8 /* TrainingHabit.swift in Sources */ = {isa = PBXBuildFile; fileRef = F4A2E2662858264100A32CD8 /* TrainingHabit.swift */; };
		F4A2E2692858265A00A32CD8 /* WorkoutInfo.swift in Sources */ = {isa = PBXBuildFile; fileRef = F4A2E2682858265A00A32CD8 /* WorkoutInfo.swift */; };
		F4A2E26B2858268400A32CD8 /* Palette.swift in Sources */ = {isa = PBXBuildFile; fileRef = F4A2E26A2858268400A32CD8 /* Palette.swift */; };
		F4A2E26D285826DE00A32CD8 /* ProgressView.swift in Sources */ = {isa = PBXBuildFile; fileRef = F4A2E26C285826DE00A32CD8 /* ProgressView.swift */; };
		F4A2E26F285826F900A32CD8 /* TrainingHabitView.swift in Sources */ = {isa = PBXBuildFile; fileRef = F4A2E26E285826F900A32CD8 /* TrainingHabitView.swift */; };
		F4A2E2712858270B00A32CD8 /* TrainingHabitInputView.swift in Sources */ = {isa = PBXBuildFile; fileRef = F4A2E2702858270B00A32CD8 /* TrainingHabitInputView.swift */; };
		F4A2E2732858272500A32CD8 /* RehabView.swift in Sources */ = {isa = PBXBuildFile; fileRef = F4A2E2722858272500A32CD8 /* RehabView.swift */; };
		F4A2E2752858273500A32CD8 /* ProfileView.swift in Sources */ = {isa = PBXBuildFile; fileRef = F4A2E2742858273500A32CD8 /* ProfileView.swift */; };
		F4A2E2772858275300A32CD8 /* LoadCapacityPredictionView.swift in Sources */ = {isa = PBXBuildFile; fileRef = F4A2E2762858275300A32CD8 /* LoadCapacityPredictionView.swift */; };
		F4A2E2792858276C00A32CD8 /* GoalEditView.swift in Sources */ = {isa = PBXBuildFile; fileRef = F4A2E2782858276C00A32CD8 /* GoalEditView.swift */; };
		F4A2E27B2858278200A32CD8 /* InfoEditView.swift in Sources */ = {isa = PBXBuildFile; fileRef = F4A2E27A2858278200A32CD8 /* InfoEditView.swift */; };
/* End PBXBuildFile section */

/* Begin PBXFileReference section */
		F44D7C422858CD1D00A4B7A3 /* ChartView-2.0.0-beta.2 */ = {isa = PBXFileReference; lastKnownFileType = wrapper; name = "ChartView-2.0.0-beta.2"; path = "../../ChartView-2.0.0-beta.2"; sourceTree = "<group>"; };
		F4A2E2502858244300A32CD8 /* Athlete Habit Tracker App iOS15.app */ = {isa = PBXFileReference; explicitFileType = wrapper.application; includeInIndex = 0; path = "Athlete Habit Tracker App iOS15.app"; sourceTree = BUILT_PRODUCTS_DIR; };
		F4A2E2532858244300A32CD8 /* Athlete_Habit_Tracker_App_iOS15App.swift */ = {isa = PBXFileReference; lastKnownFileType = sourcecode.swift; path = Athlete_Habit_Tracker_App_iOS15App.swift; sourceTree = "<group>"; };
		F4A2E2552858244300A32CD8 /* ContentView.swift */ = {isa = PBXFileReference; lastKnownFileType = sourcecode.swift; path = ContentView.swift; sourceTree = "<group>"; };
		F4A2E2572858244600A32CD8 /* Assets.xcassets */ = {isa = PBXFileReference; lastKnownFileType = folder.assetcatalog; path = Assets.xcassets; sourceTree = "<group>"; };
		F4A2E25A2858244600A32CD8 /* Preview Assets.xcassets */ = {isa = PBXFileReference; lastKnownFileType = folder.assetcatalog; path = "Preview Assets.xcassets"; sourceTree = "<group>"; };
		F4A2E261285825B700A32CD8 /* DailyView.swift */ = {isa = PBXFileReference; lastKnownFileType = sourcecode.swift; path = DailyView.swift; sourceTree = "<group>"; };
		F4A2E2642858260A00A32CD8 /* User.swift */ = {isa = PBXFileReference; lastKnownFileType = sourcecode.swift; path = User.swift; sourceTree = "<group>"; };
		F4A2E2662858264100A32CD8 /* TrainingHabit.swift */ = {isa = PBXFileReference; lastKnownFileType = sourcecode.swift; path = TrainingHabit.swift; sourceTree = "<group>"; };
		F4A2E2682858265A00A32CD8 /* WorkoutInfo.swift */ = {isa = PBXFileReference; lastKnownFileType = sourcecode.swift; path = WorkoutInfo.swift; sourceTree = "<group>"; };
		F4A2E26A2858268400A32CD8 /* Palette.swift */ = {isa = PBXFileReference; lastKnownFileType = sourcecode.swift; path = Palette.swift; sourceTree = "<group>"; };
		F4A2E26C285826DE00A32CD8 /* ProgressView.swift */ = {isa = PBXFileReference; lastKnownFileType = sourcecode.swift; path = ProgressView.swift; sourceTree = "<group>"; };
		F4A2E26E285826F900A32CD8 /* TrainingHabitView.swift */ = {isa = PBXFileReference; lastKnownFileType = sourcecode.swift; path = TrainingHabitView.swift; sourceTree = "<group>"; };
		F4A2E2702858270B00A32CD8 /* TrainingHabitInputView.swift */ = {isa = PBXFileReference; lastKnownFileType = sourcecode.swift; path = TrainingHabitInputView.swift; sourceTree = "<group>"; };
		F4A2E2722858272500A32CD8 /* RehabView.swift */ = {isa = PBXFileReference; lastKnownFileType = sourcecode.swift; path = RehabView.swift; sourceTree = "<group>"; };
		F4A2E2742858273500A32CD8 /* ProfileView.swift */ = {isa = PBXFileReference; lastKnownFileType = sourcecode.swift; path = ProfileView.swift; sourceTree = "<group>"; };
		F4A2E2762858275300A32CD8 /* LoadCapacityPredictionView.swift */ = {isa = PBXFileReference; lastKnownFileType = sourcecode.swift; path = LoadCapacityPredictionView.swift; sourceTree = "<group>"; };
		F4A2E2782858276C00A32CD8 /* GoalEditView.swift */ = {isa = PBXFileReference; lastKnownFileType = sourcecode.swift; path = GoalEditView.swift; sourceTree = "<group>"; };
		F4A2E27A2858278200A32CD8 /* InfoEditView.swift */ = {isa = PBXFileReference; lastKnownFileType = sourcecode.swift; path = InfoEditView.swift; sourceTree = "<group>"; };
/* End PBXFileReference section */

/* Begin PBXFrameworksBuildPhase section */
		F4A2E24D2858244300A32CD8 /* Frameworks */ = {
			isa = PBXFrameworksBuildPhase;
			buildActionMask = 2147483647;
			files = (
			);
			runOnlyForDeploymentPostprocessing = 0;
		};
/* End PBXFrameworksBuildPhase section */

/* Begin PBXGroup section */
		F44D7C412858CD1D00A4B7A3 /* Packages */ = {
			isa = PBXGroup;
			children = (
				F44D7C422858CD1D00A4B7A3 /* ChartView-2.0.0-beta.2 */,
			);
			name = Packages;
			sourceTree = "<group>";
		};
		F4A2E2472858244300A32CD8 = {
			isa = PBXGroup;
			children = (
				F44D7C412858CD1D00A4B7A3 /* Packages */,
				F4A2E2522858244300A32CD8 /* Athlete Habit Tracker App iOS15 */,
				F4A2E2512858244300A32CD8 /* Products */,
			);
			sourceTree = "<group>";
		};
		F4A2E2512858244300A32CD8 /* Products */ = {
			isa = PBXGroup;
			children = (
				F4A2E2502858244300A32CD8 /* Athlete Habit Tracker App iOS15.app */,
			);
			name = Products;
			sourceTree = "<group>";
		};
		F4A2E2522858244300A32CD8 /* Athlete Habit Tracker App iOS15 */ = {
			isa = PBXGroup;
			children = (
				F4A2E263285825F800A32CD8 /* Models */,
				F4A2E2532858244300A32CD8 /* Athlete_Habit_Tracker_App_iOS15App.swift */,
				F4A2E2552858244300A32CD8 /* ContentView.swift */,
				F4A2E261285825B700A32CD8 /* DailyView.swift */,
				F4A2E26C285826DE00A32CD8 /* ProgressView.swift */,
				F4A2E26E285826F900A32CD8 /* TrainingHabitView.swift */,
				F4A2E2702858270B00A32CD8 /* TrainingHabitInputView.swift */,
				F4A2E2722858272500A32CD8 /* RehabView.swift */,
				F4A2E2742858273500A32CD8 /* ProfileView.swift */,
				F4A2E2762858275300A32CD8 /* LoadCapacityPredictionView.swift */,
				F4A2E2782858276C00A32CD8 /* GoalEditView.swift */,
				F4A2E27A2858278200A32CD8 /* InfoEditView.swift */,
				F4A2E2572858244600A32CD8 /* Assets.xcassets */,
				F4A2E2592858244600A32CD8 /* Preview Content */,
			);
			path = "Athlete Habit Tracker App iOS15";
			sourceTree = "<group>";
		};
		F4A2E2592858244600A32CD8 /* Preview Content */ = {
			isa = PBXGroup;
			children = (
				F4A2E25A2858244600A32CD8 /* Preview Assets.xcassets */,
			);
			path = "Preview Content";
			sourceTree = "<group>";
		};
		F4A2E263285825F800A32CD8 /* Models */ = {
			isa = PBXGroup;
			children = (
				F4A2E2642858260A00A32CD8 /* User.swift */,
				F4A2E2662858264100A32CD8 /* TrainingHabit.swift */,
				F4A2E2682858265A00A32CD8 /* WorkoutInfo.swift */,
				F4A2E26A2858268400A32CD8 /* Palette.swift */,
			);
			path = Models;
			sourceTree = "<group>";
		};
/* End PBXGroup section */

/* Begin PBXNativeTarget section */
		F4A2E24F2858244300A32CD8 /* Athlete Habit Tracker App iOS15 */ = {
			isa = PBXNativeTarget;
			buildConfigurationList = F4A2E25E2858244600A32CD8 /* Build configuration list for PBXNativeTarget "Athlete Habit Tracker App iOS15" */;
			buildPhases = (
				F4A2E24C2858244300A32CD8 /* Sources */,
				F4A2E24D2858244300A32CD8 /* Frameworks */,
				F4A2E24E2858244300A32CD8 /* Resources */,
			);
			buildRules = (
			);
			dependencies = (
			);
			name = "Athlete Habit Tracker App iOS15";
			packageProductDependencies = (
			);
			productName = "Athlete Habit Tracker App iOS15";
			productReference = F4A2E2502858244300A32CD8 /* Athlete Habit Tracker App iOS15.app */;
			productType = "com.apple.product-type.application";
		};
/* End PBXNativeTarget section */

/* Begin PBXProject section */
		F4A2E2482858244300A32CD8 /* Project object */ = {
			isa = PBXProject;
			attributes = {
				BuildIndependentTargetsInParallel = 1;
				LastSwiftUpdateCheck = 1340;
				LastUpgradeCheck = 1340;
				TargetAttributes = {
					F4A2E24F2858244300A32CD8 = {
						CreatedOnToolsVersion = 13.4.1;
					};
				};
			};
			buildConfigurationList = F4A2E24B2858244300A32CD8 /* Build configuration list for PBXProject "Athlete Habit Tracker App iOS15" */;
			compatibilityVersion = "Xcode 13.0";
			developmentRegion = en;
			hasScannedForEncodings = 0;
			knownRegions = (
				en,
				Base,
			);
			mainGroup = F4A2E2472858244300A32CD8;
			packageReferences = (
			);
			productRefGroup = F4A2E2512858244300A32CD8 /* Products */;
			projectDirPath = "";
			projectRoot = "";
			targets = (
				F4A2E24F2858244300A32CD8 /* Athlete Habit Tracker App iOS15 */,
			);
		};
/* End PBXProject section */

/* Begin PBXResourcesBuildPhase section */
		F4A2E24E2858244300A32CD8 /* Resources */ = {
			isa = PBXResourcesBuildPhase;
			buildActionMask = 2147483647;
			files = (
				F4A2E25B2858244600A32CD8 /* Preview Assets.xcassets in Resources */,
				F4A2E2582858244600A32CD8 /* Assets.xcassets in Resources */,
			);
			runOnlyForDeploymentPostprocessing = 0;
		};
/* End PBXResourcesBuildPhase section */

/* Begin PBXSourcesBuildPhase section */
		F4A2E24C2858244300A32CD8 /* Sources */ = {
			isa = PBXSourcesBuildPhase;
			buildActionMask = 2147483647;
			files = (
				F4A2E2712858270B00A32CD8 /* TrainingHabitInputView.swift in Sources */,
				F4A2E2652858260A00A32CD8 /* User.swift in Sources */,
				F4A2E2732858272500A32CD8 /* RehabView.swift in Sources */,
				F4A2E262285825B700A32CD8 /* DailyView.swift in Sources */,
				F4A2E2752858273500A32CD8 /* ProfileView.swift in Sources */,
				F4A2E2562858244300A32CD8 /* ContentView.swift in Sources */,
				F4A2E2692858265A00A32CD8 /* WorkoutInfo.swift in Sources */,
				F4A2E2772858275300A32CD8 /* LoadCapacityPredictionView.swift in Sources */,
				F4A2E2672858264200A32CD8 /* TrainingHabit.swift in Sources */,
				F4A2E26D285826DE00A32CD8 /* ProgressView.swift in Sources */,
				F4A2E2542858244300A32CD8 /* Athlete_Habit_Tracker_App_iOS15App.swift in Sources */,
				F4A2E27B2858278200A32CD8 /* InfoEditView.swift in Sources */,
				F4A2E2792858276C00A32CD8 /* GoalEditView.swift in Sources */,
				F4A2E26B2858268400A32CD8 /* Palette.swift in Sources */,
				F4A2E26F285826F900A32CD8 /* TrainingHabitView.swift in Sources */,
			);
			runOnlyForDeploymentPostprocessing = 0;
		};
/* End PBXSourcesBuildPhase section */

/* Begin XCBuildConfiguration section */
		F4A2E25C2858244600A32CD8 /* Debug */ = {
			isa = XCBuildConfiguration;
			buildSettings = {
				ALWAYS_SEARCH_USER_PATHS = NO;
				CLANG_ANALYZER_NONNULL = YES;
				CLANG_ANALYZER_NUMBER_OBJECT_CONVERSION = YES_AGGRESSIVE;
				CLANG_CXX_LANGUAGE_STANDARD = "gnu++17";
				CLANG_ENABLE_MODULES = YES;
				CLANG_ENABLE_OBJC_ARC = YES;
				CLANG_ENABLE_OBJC_WEAK = YES;
				CLANG_WARN_BLOCK_CAPTURE_AUTORELEASING = YES;
				CLANG_WARN_BOOL_CONVERSION = YES;
				CLANG_WARN_COMMA = YES;
				CLANG_WARN_CONSTANT_CONVERSION = YES;
				CLANG_WARN_DEPRECATED_OBJC_IMPLEMENTATIONS = YES;
				CLANG_WARN_DIRECT_OBJC_ISA_USAGE = YES_ERROR;
				CLANG_WARN_DOCUMENTATION_COMMENTS = YES;
				CLANG_WARN_EMPTY_BODY = YES;
				CLANG_WARN_ENUM_CONVERSION = YES;
				CLANG_WARN_INFINITE_RECURSION = YES;
				CLANG_WARN_INT_CONVERSION = YES;
				CLANG_WARN_NON_LITERAL_NULL_CONVERSION = YES;
				CLANG_WARN_OBJC_IMPLICIT_RETAIN_SELF = YES;
				CLANG_WARN_OBJC_LITERAL_CONVERSION = YES;
				CLANG_WARN_OBJC_ROOT_CLASS = YES_ERROR;
				CLANG_WARN_QUOTED_INCLUDE_IN_FRAMEWORK_HEADER = YES;
				CLANG_WARN_RANGE_LOOP_ANALYSIS = YES;
				CLANG_WARN_STRICT_PROTOTYPES = YES;
				CLANG_WARN_SUSPICIOUS_MOVE = YES;
				CLANG_WARN_UNGUARDED_AVAILABILITY = YES_AGGRESSIVE;
				CLANG_WARN_UNREACHABLE_CODE = YES;
				CLANG_WARN__DUPLICATE_METHOD_MATCH = YES;
				COPY_PHASE_STRIP = NO;
				DEBUG_INFORMATION_FORMAT = dwarf;
				ENABLE_STRICT_OBJC_MSGSEND = YES;
				ENABLE_TESTABILITY = YES;
				GCC_C_LANGUAGE_STANDARD = gnu11;
				GCC_DYNAMIC_NO_PIC = NO;
				GCC_NO_COMMON_BLOCKS = YES;
				GCC_OPTIMIZATION_LEVEL = 0;
				GCC_PREPROCESSOR_DEFINITIONS = (
					"DEBUG=1",
					"$(inherited)",
				);
				GCC_WARN_64_TO_32_BIT_CONVERSION = YES;
				GCC_WARN_ABOUT_RETURN_TYPE = YES_ERROR;
				GCC_WARN_UNDECLARED_SELECTOR = YES;
				GCC_WARN_UNINITIALIZED_AUTOS = YES_AGGRESSIVE;
				GCC_WARN_UNUSED_FUNCTION = YES;
				GCC_WARN_UNUSED_VARIABLE = YES;
				IPHONEOS_DEPLOYMENT_TARGET = 15.5;
				MTL_ENABLE_DEBUG_INFO = INCLUDE_SOURCE;
				MTL_FAST_MATH = YES;
				ONLY_ACTIVE_ARCH = YES;
				SDKROOT = iphoneos;
				SWIFT_ACTIVE_COMPILATION_CONDITIONS = DEBUG;
				SWIFT_OPTIMIZATION_LEVEL = "-Onone";
			};
			name = Debug;
		};
		F4A2E25D2858244600A32CD8 /* Release */ = {
			isa = XCBuildConfiguration;
			buildSettings = {
				ALWAYS_SEARCH_USER_PATHS = NO;
				CLANG_ANALYZER_NONNULL = YES;
				CLANG_ANALYZER_NUMBER_OBJECT_CONVERSION = YES_AGGRESSIVE;
				CLANG_CXX_LANGUAGE_STANDARD = "gnu++17";
				CLANG_ENABLE_MODULES = YES;
				CLANG_ENABLE_OBJC_ARC = YES;
				CLANG_ENABLE_OBJC_WEAK = YES;
				CLANG_WARN_BLOCK_CAPTURE_AUTORELEASING = YES;
				CLANG_WARN_BOOL_CONVERSION = YES;
				CLANG_WARN_COMMA = YES;
				CLANG_WARN_CONSTANT_CONVERSION = YES;
				CLANG_WARN_DEPRECATED_OBJC_IMPLEMENTATIONS = YES;
				CLANG_WARN_DIRECT_OBJC_ISA_USAGE = YES_ERROR;
				CLANG_WARN_DOCUMENTATION_COMMENTS = YES;
				CLANG_WARN_EMPTY_BODY = YES;
				CLANG_WARN_ENUM_CONVERSION = YES;
				CLANG_WARN_INFINITE_RECURSION = YES;
				CLANG_WARN_INT_CONVERSION = YES;
				CLANG_WARN_NON_LITERAL_NULL_CONVERSION = YES;
				CLANG_WARN_OBJC_IMPLICIT_RETAIN_SELF = YES;
				CLANG_WARN_OBJC_LITERAL_CONVERSION = YES;
				CLANG_WARN_OBJC_ROOT_CLASS = YES_ERROR;
				CLANG_WARN_QUOTED_INCLUDE_IN_FRAMEWORK_HEADER = YES;
				CLANG_WARN_RANGE_LOOP_ANALYSIS = YES;
				CLANG_WARN_STRICT_PROTOTYPES = YES;
				CLANG_WARN_SUSPICIOUS_MOVE = YES;
				CLANG_WARN_UNGUARDED_AVAILABILITY = YES_AGGRESSIVE;
				CLANG_WARN_UNREACHABLE_CODE = YES;
				CLANG_WARN__DUPLICATE_METHOD_MATCH = YES;
				COPY_PHASE_STRIP = NO;
				DEBUG_INFORMATION_FORMAT = "dwarf-with-dsym";
				ENABLE_NS_ASSERTIONS = NO;
				ENABLE_STRICT_OBJC_MSGSEND = YES;
				GCC_C_LANGUAGE_STANDARD = gnu11;
				GCC_NO_COMMON_BLOCKS = YES;
				GCC_WARN_64_TO_32_BIT_CONVERSION = YES;
				GCC_WARN_ABOUT_RETURN_TYPE = YES_ERROR;
				GCC_WARN_UNDECLARED_SELECTOR = YES;
				GCC_WARN_UNINITIALIZED_AUTOS = YES_AGGRESSIVE;
				GCC_WARN_UNUSED_FUNCTION = YES;
				GCC_WARN_UNUSED_VARIABLE = YES;
				IPHONEOS_DEPLOYMENT_TARGET = 15.5;
				MTL_ENABLE_DEBUG_INFO = NO;
				MTL_FAST_MATH = YES;
				SDKROOT = iphoneos;
				SWIFT_COMPILATION_MODE = wholemodule;
				SWIFT_OPTIMIZATION_LEVEL = "-O";
				VALIDATE_PRODUCT = YES;
			};
			name = Release;
		};
		F4A2E25F2858244600A32CD8 /* Debug */ = {
			isa = XCBuildConfiguration;
			buildSettings = {
				ASSETCATALOG_COMPILER_APPICON_NAME = AppIcon;
				ASSETCATALOG_COMPILER_GLOBAL_ACCENT_COLOR_NAME = AccentColor;
				CODE_SIGN_STYLE = Automatic;
				CURRENT_PROJECT_VERSION = 1;
				DEVELOPMENT_ASSET_PATHS = "\"Athlete Habit Tracker App iOS15/Preview Content\"";
				ENABLE_PREVIEWS = YES;
				GENERATE_INFOPLIST_FILE = YES;
				INFOPLIST_KEY_UIApplicationSceneManifest_Generation = YES;
				INFOPLIST_KEY_UIApplicationSupportsIndirectInputEvents = YES;
				INFOPLIST_KEY_UILaunchScreen_Generation = YES;
				INFOPLIST_KEY_UISupportedInterfaceOrientations_iPad = "UIInterfaceOrientationPortrait UIInterfaceOrientationPortraitUpsideDown UIInterfaceOrientationLandscapeLeft UIInterfaceOrientationLandscapeRight";
				INFOPLIST_KEY_UISupportedInterfaceOrientations_iPhone = "UIInterfaceOrientationPortrait UIInterfaceOrientationLandscapeLeft UIInterfaceOrientationLandscapeRight";
				LD_RUNPATH_SEARCH_PATHS = (
					"$(inherited)",
					"@executable_path/Frameworks",
				);
				MARKETING_VERSION = 1.0;
				PRODUCT_BUNDLE_IDENTIFIER = "ydnzhg.Athlete-Habit-Tracker-App-iOS15";
				PRODUCT_NAME = "$(TARGET_NAME)";
				SWIFT_EMIT_LOC_STRINGS = YES;
				SWIFT_VERSION = 5.0;
				TARGETED_DEVICE_FAMILY = "1,2";
			};
			name = Debug;
		};
		F4A2E2602858244600A32CD8 /* Release */ = {
			isa = XCBuildConfiguration;
			buildSettings = {
				ASSETCATALOG_COMPILER_APPICON_NAME = AppIcon;
				ASSETCATALOG_COMPILER_GLOBAL_ACCENT_COLOR_NAME = AccentColor;
				CODE_SIGN_STYLE = Automatic;
				CURRENT_PROJECT_VERSION = 1;
				DEVELOPMENT_ASSET_PATHS = "\"Athlete Habit Tracker App iOS15/Preview Content\"";
				ENABLE_PREVIEWS = YES;
				GENERATE_INFOPLIST_FILE = YES;
				INFOPLIST_KEY_UIApplicationSceneManifest_Generation = YES;
				INFOPLIST_KEY_UIApplicationSupportsIndirectInputEvents = YES;
				INFOPLIST_KEY_UILaunchScreen_Generation = YES;
				INFOPLIST_KEY_UISupportedInterfaceOrientations_iPad = "UIInterfaceOrientationPortrait UIInterfaceOrientationPortraitUpsideDown UIInterfaceOrientationLandscapeLeft UIInterfaceOrientationLandscapeRight";
				INFOPLIST_KEY_UISupportedInterfaceOrientations_iPhone = "UIInterfaceOrientationPortrait UIInterfaceOrientationLandscapeLeft UIInterfaceOrientationLandscapeRight";
				LD_RUNPATH_SEARCH_PATHS = (
					"$(inherited)",
					"@executable_path/Frameworks",
				);
				MARKETING_VERSION = 1.0;
				PRODUCT_BUNDLE_IDENTIFIER = "ydnzhg.Athlete-Habit-Tracker-App-iOS15";
				PRODUCT_NAME = "$(TARGET_NAME)";
				SWIFT_EMIT_LOC_STRINGS = YES;
				SWIFT_VERSION = 5.0;
				TARGETED_DEVICE_FAMILY = "1,2";
			};
			name = Release;
		};
/* End XCBuildConfiguration section */

/* Begin XCConfigurationList section */
		F4A2E24B2858244300A32CD8 /* Build configuration list for PBXProject "Athlete Habit Tracker App iOS15" */ = {
			isa = XCConfigurationList;
			buildConfigurations = (
				F4A2E25C2858244600A32CD8 /* Debug */,
				F4A2E25D2858244600A32CD8 /* Release */,
			);
			defaultConfigurationIsVisible = 0;
			defaultConfigurationName = Release;
		};
		F4A2E25E2858244600A32CD8 /* Build configuration list for PBXNativeTarget "Athlete Habit Tracker App iOS15" */ = {
			isa = XCConfigurationList;
			buildConfigurations = (
				F4A2E25F2858244600A32CD8 /* Debug */,
				F4A2E2602858244600A32CD8 /* Release */,
			);
			defaultConfigurationIsVisible = 0;
			defaultConfigurationName = Release;
		};
/* End XCConfigurationList section */
	};
	rootObject = F4A2E2482858244300A32CD8 /* Project object */;
}
